
Microsoft Visual Studio Solution File, Format Version 12.00
# Visual Studio Version 16
VisualStudioVersion = 16.0.30621.155
MinimumVisualStudioVersion = 10.0.40219.1
Project("{FAE04EC0-301F-11D3-BF4B-00C04F79EFBC}") = "DesignPatterns2", "DesignPatterns2.csproj", "{A5B552BA-9957-4BE9-B108-5CC4CF8AEDB7}"
EndProject
Global
	GlobalSection(SolutionConfigurationPlatforms) = preSolution
		Debug|Any CPU = Debug|Any CPU
		Release|Any CPU = Release|Any CPU
	EndGlobalSection
	GlobalSection(ProjectConfigurationPlatforms) = postSolution
		{A5B552BA-9957-4BE9-B108-5CC4CF8AEDB7}.Debug|Any CPU.ActiveCfg = Debug|Any CPU
		{A5B552BA-9957-4BE9-B108-5CC4CF8AEDB7}.Debug|Any CPU.Build.0 = Debug|Any CPU
		{A5B552BA-9957-4BE9-B108-5CC4CF8AEDB7}.Release|Any CPU.ActiveCfg = Release|Any CPU
		{A5B552BA-9957-4BE9-B108-5CC4CF8AEDB7}.Release|Any CPU.Build.0 = Release|Any CPU
	EndGlobalSection
	GlobalSection(SolutionProperties) = preSolution
		HideSolutionNode = FALSE
	EndGlobalSection
	GlobalSection(ExtensibilityGlobals) = postSolution
		SolutionGuid = {F55191B1-E034-47CC-A614-CF8546738A1E}
	EndGlobalSection
EndGlobal
